// !$*UTF8*$!
{
	archiveVersion = 1;
	classes = {
	};
	objectVersion = 46;
	objects = {

/* Begin PBXBuildFile section */
		72D0E89D1C821326004A72AA /* HCYoutubeParser.h in Headers */ = {isa = PBXBuildFile; fileRef = 72D0E89C1C821326004A72AA /* HCYoutubeParser.h */; settings = {ATTRIBUTES = (Public, ); }; };
		72D0E8CA1C8213C7004A72AA /* HCYoutubeParser.h in Headers */ = {isa = PBXBuildFile; fileRef = 72D0E89C1C821326004A72AA /* HCYoutubeParser.h */; settings = {ATTRIBUTES = (Public, ); }; };
		72D0E8D41C821407004A72AA /* YoutubeParser.m in Sources */ = {isa = PBXBuildFile; fileRef = 72D0E8D11C821407004A72AA /* YoutubeParser.m */; };
		72D0E8D51C821407004A72AA /* YoutubeParser.h in Headers */ = {isa = PBXBuildFile; fileRef = 72D0E8D21C821407004A72AA /* YoutubeParser.h */; settings = {ATTRIBUTES = (Public, ); }; };
		72D0E8D61C821407004A72AA /* Info-tvOS.plist in Resources */ = {isa = PBXBuildFile; fileRef = 72D0E8D31C821407004A72AA /* Info-tvOS.plist */; };
		72D0E8EB1C821506004A72AA /* YoutubeParser.m in Sources */ = {isa = PBXBuildFile; fileRef = 72D0E8D11C821407004A72AA /* YoutubeParser.m */; };
		72D0E8EC1C82150B004A72AA /* YoutubeParser.h in Headers */ = {isa = PBXBuildFile; fileRef = 72D0E8D21C821407004A72AA /* YoutubeParser.h */; settings = {ATTRIBUTES = (Public, ); }; };
/* End PBXBuildFile section */

/* Begin PBXFileReference section */
		72D0E8991C821326004A72AA /* HCYoutubeParser.framework */ = {isa = PBXFileReference; explicitFileType = wrapper.framework; includeInIndex = 0; path = HCYoutubeParser.framework; sourceTree = BUILT_PRODUCTS_DIR; };
		72D0E89C1C821326004A72AA /* HCYoutubeParser.h */ = {isa = PBXFileReference; lastKnownFileType = sourcecode.c.h; path = HCYoutubeParser.h; sourceTree = "<group>"; };
		72D0E89E1C821326004A72AA /* Info-iOS.plist */ = {isa = PBXFileReference; lastKnownFileType = text.plist.xml; path = "Info-iOS.plist"; sourceTree = "<group>"; };
		72D0E8CF1C8213C7004A72AA /* HCYoutubeParser.framework */ = {isa = PBXFileReference; explicitFileType = wrapper.framework; includeInIndex = 0; path = HCYoutubeParser.framework; sourceTree = BUILT_PRODUCTS_DIR; };
		72D0E8D11C821407004A72AA /* YoutubeParser.m */ = {isa = PBXFileReference; fileEncoding = 4; lastKnownFileType = sourcecode.c.objc; path = YoutubeParser.m; sourceTree = "<group>"; };
		72D0E8D21C821407004A72AA /* YoutubeParser.h */ = {isa = PBXFileReference; fileEncoding = 4; lastKnownFileType = sourcecode.c.h; path = YoutubeParser.h; sourceTree = "<group>"; };
		72D0E8D31C821407004A72AA /* Info-tvOS.plist */ = {isa = PBXFileReference; fileEncoding = 4; lastKnownFileType = text.plist.xml; path = "Info-tvOS.plist"; sourceTree = "<group>"; };
/* End PBXFileReference section */

/* Begin PBXFrameworksBuildPhase section */
		72D0E8951C821326004A72AA /* Frameworks */ = {
			isa = PBXFrameworksBuildPhase;
			buildActionMask = 2147483647;
			files = (
			);
			runOnlyForDeploymentPostprocessing = 0;
		};
		72D0E8C71C8213C7004A72AA /* Frameworks */ = {
			isa = PBXFrameworksBuildPhase;
			buildActionMask = 2147483647;
			files = (
			);
			runOnlyForDeploymentPostprocessing = 0;
		};
/* End PBXFrameworksBuildPhase section */

/* Begin PBXGroup section */
		72D0E88F1C821326004A72AA = {
			isa = PBXGroup;
			children = (
				72D0E89B1C821326004A72AA /* HCYoutubeParser */,
				72D0E89A1C821326004A72AA /* Products */,
			);
			sourceTree = "<group>";
		};
		72D0E89A1C821326004A72AA /* Products */ = {
			isa = PBXGroup;
			children = (
				72D0E8991C821326004A72AA /* HCYoutubeParser.framework */,
				72D0E8CF1C8213C7004A72AA /* HCYoutubeParser.framework */,
			);
			name = Products;
			sourceTree = "<group>";
		};
		72D0E89B1C821326004A72AA /* HCYoutubeParser */ = {
			isa = PBXGroup;
			children = (
				72D0E8D21C821407004A72AA /* YoutubeParser.h */,
				72D0E8D11C821407004A72AA /* YoutubeParser.m */,
				72D0E8D71C82140F004A72AA /* Supporting files */,
			);
			path = HCYoutubeParser;
			sourceTree = "<group>";
		};
		72D0E8D71C82140F004A72AA /* Supporting files */ = {
			isa = PBXGroup;
			children = (
				72D0E89C1C821326004A72AA /* HCYoutubeParser.h */,
				72D0E8D31C821407004A72AA /* Info-tvOS.plist */,
				72D0E89E1C821326004A72AA /* Info-iOS.plist */,
			);
			name = "Supporting files";
			sourceTree = "<group>";
		};
/* End PBXGroup section */

/* Begin PBXHeadersBuildPhase section */
		72D0E8961C821326004A72AA /* Headers */ = {
			isa = PBXHeadersBuildPhase;
			buildActionMask = 2147483647;
			files = (
				72D0E89D1C821326004A72AA /* HCYoutubeParser.h in Headers */,
				72D0E8D51C821407004A72AA /* YoutubeParser.h in Headers */,
			);
			runOnlyForDeploymentPostprocessing = 0;
		};
		72D0E8C81C8213C7004A72AA /* Headers */ = {
			isa = PBXHeadersBuildPhase;
			buildActionMask = 2147483647;
			files = (
				72D0E8CA1C8213C7004A72AA /* HCYoutubeParser.h in Headers */,
				72D0E8EC1C82150B004A72AA /* YoutubeParser.h in Headers */,
			);
			runOnlyForDeploymentPostprocessing = 0;
		};
/* End PBXHeadersBuildPhase section */

/* Begin PBXNativeTarget section */
		72D0E8981C821326004A72AA /* HCYoutubeParser */ = {
			isa = PBXNativeTarget;
			buildConfigurationList = 72D0E8A11C821326004A72AA /* Build configuration list for PBXNativeTarget "HCYoutubeParser" */;
			buildPhases = (
				72D0E8941C821326004A72AA /* Sources */,
				72D0E8951C821326004A72AA /* Frameworks */,
				72D0E8961C821326004A72AA /* Headers */,
				72D0E8971C821326004A72AA /* Resources */,
			);
			buildRules = (
			);
			dependencies = (
			);
			name = HCYoutubeParser;
			productName = HCYoutubeParser;
			productReference = 72D0E8991C821326004A72AA /* HCYoutubeParser.framework */;
			productType = "com.apple.product-type.framework";
		};
		72D0E8C41C8213C7004A72AA /* HCYoutubeParser tvOS */ = {
			isa = PBXNativeTarget;
			buildConfigurationList = 72D0E8CC1C8213C7004A72AA /* Build configuration list for PBXNativeTarget "HCYoutubeParser tvOS" */;
			buildPhases = (
				72D0E8C51C8213C7004A72AA /* Sources */,
				72D0E8C71C8213C7004A72AA /* Frameworks */,
				72D0E8C81C8213C7004A72AA /* Headers */,
				72D0E8CB1C8213C7004A72AA /* Resources */,
			);
			buildRules = (
			);
			dependencies = (
			);
			name = "HCYoutubeParser tvOS";
			productName = HCYoutubeParser;
			productReference = 72D0E8CF1C8213C7004A72AA /* HCYoutubeParser.framework */;
			productType = "com.apple.product-type.framework";
		};
/* End PBXNativeTarget section */

/* Begin PBXProject section */
		72D0E8901C821326004A72AA /* Project object */ = {
			isa = PBXProject;
			attributes = {
				LastUpgradeCheck = 0720;
				ORGANIZATIONNAME = SimonBS;
				TargetAttributes = {
					72D0E8981C821326004A72AA = {
						CreatedOnToolsVersion = 7.2.1;
					};
				};
			};
			buildConfigurationList = 72D0E8931C821326004A72AA /* Build configuration list for PBXProject "HCYoutubeParser" */;
			compatibilityVersion = "Xcode 3.2";
			developmentRegion = English;
			hasScannedForEncodings = 0;
			knownRegions = (
				en,
			);
			mainGroup = 72D0E88F1C821326004A72AA;
			productRefGroup = 72D0E89A1C821326004A72AA /* Products */;
			projectDirPath = "";
			projectRoot = "";
			targets = (
				72D0E8981C821326004A72AA /* HCYoutubeParser */,
				72D0E8C41C8213C7004A72AA /* HCYoutubeParser tvOS */,
			);
		};
/* End PBXProject section */

/* Begin PBXResourcesBuildPhase section */
		72D0E8971C821326004A72AA /* Resources */ = {
			isa = PBXResourcesBuildPhase;
			buildActionMask = 2147483647;
			files = (
				72D0E8D61C821407004A72AA /* Info-tvOS.plist in Resources */,
			);
			runOnlyForDeploymentPostprocessing = 0;
		};
		72D0E8CB1C8213C7004A72AA /* Resources */ = {
			isa = PBXResourcesBuildPhase;
			buildActionMask = 2147483647;
			files = (
			);
			runOnlyForDeploymentPostprocessing = 0;
		};
/* End PBXResourcesBuildPhase section */

/* Begin PBXSourcesBuildPhase section */
		72D0E8941C821326004A72AA /* Sources */ = {
			isa = PBXSourcesBuildPhase;
			buildActionMask = 2147483647;
			files = (
				72D0E8D41C821407004A72AA /* YoutubeParser.m in Sources */,
			);
			runOnlyForDeploymentPostprocessing = 0;
		};
		72D0E8C51C8213C7004A72AA /* Sources */ = {
			isa = PBXSourcesBuildPhase;
			buildActionMask = 2147483647;
			files = (
				72D0E8EB1C821506004A72AA /* YoutubeParser.m in Sources */,
			);
			runOnlyForDeploymentPostprocessing = 0;
		};
/* End PBXSourcesBuildPhase section */

/* Begin XCBuildConfiguration section */
		72D0E89F1C821326004A72AA /* Debug */ = {
			isa = XCBuildConfiguration;
			buildSettings = {
				ALWAYS_SEARCH_USER_PATHS = NO;
				CLANG_CXX_LANGUAGE_STANDARD = "gnu++0x";
				CLANG_CXX_LIBRARY = "libc++";
				CLANG_ENABLE_MODULES = YES;
				CLANG_ENABLE_OBJC_ARC = YES;
				CLANG_WARN_BOOL_CONVERSION = YES;
				CLANG_WARN_CONSTANT_CONVERSION = YES;
				CLANG_WARN_DIRECT_OBJC_ISA_USAGE = YES_ERROR;
				CLANG_WARN_EMPTY_BODY = YES;
				CLANG_WARN_ENUM_CONVERSION = YES;
				CLANG_WARN_INT_CONVERSION = YES;
				CLANG_WARN_OBJC_ROOT_CLASS = YES_ERROR;
				CLANG_WARN_UNREACHABLE_CODE = YES;
				CLANG_WARN__DUPLICATE_METHOD_MATCH = YES;
				"CODE_SIGN_IDENTITY[sdk=iphoneos*]" = "iPhone Developer";
				COPY_PHASE_STRIP = NO;
				CURRENT_PROJECT_VERSION = 1;
				DEBUG_INFORMATION_FORMAT = dwarf;
				ENABLE_STRICT_OBJC_MSGSEND = YES;
				ENABLE_TESTABILITY = YES;
				GCC_C_LANGUAGE_STANDARD = gnu99;
				GCC_DYNAMIC_NO_PIC = NO;
				GCC_NO_COMMON_BLOCKS = YES;
				GCC_OPTIMIZATION_LEVEL = 0;
				GCC_PREPROCESSOR_DEFINITIONS = (
					"DEBUG=1",
					"$(inherited)",
				);
				GCC_WARN_64_TO_32_BIT_CONVERSION = YES;
				GCC_WARN_ABOUT_RETURN_TYPE = YES_ERROR;
				GCC_WARN_UNDECLARED_SELECTOR = YES;
				GCC_WARN_UNINITIALIZED_AUTOS = YES_AGGRESSIVE;
				GCC_WARN_UNUSED_FUNCTION = YES;
				GCC_WARN_UNUSED_VARIABLE = YES;
				IPHONEOS_DEPLOYMENT_TARGET = 9.2;
				MTL_ENABLE_DEBUG_INFO = YES;
				ONLY_ACTIVE_ARCH = YES;
				SDKROOT = iphoneos;
				TARGETED_DEVICE_FAMILY = "1,2";
				VERSIONING_SYSTEM = "apple-generic";
				VERSION_INFO_PREFIX = "";
			};
			name = Debug;
		};
		72D0E8A01C821326004A72AA /* Release */ = {
			isa = XCBuildConfiguration;
			buildSettings = {
				ALWAYS_SEARCH_USER_PATHS = NO;
				CLANG_CXX_LANGUAGE_STANDARD = "gnu++0x";
				CLANG_CXX_LIBRARY = "libc++";
				CLANG_ENABLE_MODULES = YES;
				CLANG_ENABLE_OBJC_ARC = YES;
				CLANG_WARN_BOOL_CONVERSION = YES;
				CLANG_WARN_CONSTANT_CONVERSION = YES;
				CLANG_WARN_DIRECT_OBJC_ISA_USAGE = YES_ERROR;
				CLANG_WARN_EMPTY_BODY = YES;
				CLANG_WARN_ENUM_CONVERSION = YES;
				CLANG_WARN_INT_CONVERSION = YES;
				CLANG_WARN_OBJC_ROOT_CLASS = YES_ERROR;
				CLANG_WARN_UNREACHABLE_CODE = YES;
				CLANG_WARN__DUPLICATE_METHOD_MATCH = YES;
				"CODE_SIGN_IDENTITY[sdk=iphoneos*]" = "iPhone Developer";
				COPY_PHASE_STRIP = NO;
				CURRENT_PROJECT_VERSION = 1;
				DEBUG_INFORMATION_FORMAT = "dwarf-with-dsym";
				ENABLE_NS_ASSERTIONS = NO;
				ENABLE_STRICT_OBJC_MSGSEND = YES;
				GCC_C_LANGUAGE_STANDARD = gnu99;
				GCC_NO_COMMON_BLOCKS = YES;
				GCC_WARN_64_TO_32_BIT_CONVERSION = YES;
				GCC_WARN_ABOUT_RETURN_TYPE = YES_ERROR;
				GCC_WARN_UNDECLARED_SELECTOR = YES;
				GCC_WARN_UNINITIALIZED_AUTOS = YES_AGGRESSIVE;
				GCC_WARN_UNUSED_FUNCTION = YES;
				GCC_WARN_UNUSED_VARIABLE = YES;
				IPHONEOS_DEPLOYMENT_TARGET = 9.2;
				MTL_ENABLE_DEBUG_INFO = NO;
				SDKROOT = iphoneos;
				TARGETED_DEVICE_FAMILY = "1,2";
				VALIDATE_PRODUCT = YES;
				VERSIONING_SYSTEM = "apple-generic";
				VERSION_INFO_PREFIX = "";
			};
			name = Release;
		};
		72D0E8A21C821326004A72AA /* Debug */ = {
			isa = XCBuildConfiguration;
			buildSettings = {
				DEFINES_MODULE = YES;
				DYLIB_COMPATIBILITY_VERSION = 1;
				DYLIB_CURRENT_VERSION = 1;
				DYLIB_INSTALL_NAME_BASE = "@rpath";
				INFOPLIST_FILE = "HCYoutubeParser/Info-iOS.plist";
				INSTALL_PATH = "$(LOCAL_LIBRARY_DIR)/Frameworks";
				IPHONEOS_DEPLOYMENT_TARGET = 8.0;
				LD_RUNPATH_SEARCH_PATHS = "$(inherited) @executable_path/Frameworks @loader_path/Frameworks";
				PRODUCT_BUNDLE_IDENTIFIER = dk.simonbs.HCYoutubeParser;
				PRODUCT_NAME = "$(TARGET_NAME)";
				SKIP_INSTALL = YES;
			};
			name = Debug;
		};
		72D0E8A31C821326004A72AA /* Release */ = {
			isa = XCBuildConfiguration;
			buildSettings = {
				DEFINES_MODULE = YES;
				DYLIB_COMPATIBILITY_VERSION = 1;
				DYLIB_CURRENT_VERSION = 1;
				DYLIB_INSTALL_NAME_BASE = "@rpath";
				INFOPLIST_FILE = "HCYoutubeParser/Info-iOS.plist";
				INSTALL_PATH = "$(LOCAL_LIBRARY_DIR)/Frameworks";
				IPHONEOS_DEPLOYMENT_TARGET = 8.0;
				LD_RUNPATH_SEARCH_PATHS = "$(inherited) @executable_path/Frameworks @loader_path/Frameworks";
				PRODUCT_BUNDLE_IDENTIFIER = dk.simonbs.HCYoutubeParser;
				PRODUCT_NAME = "$(TARGET_NAME)";
				SKIP_INSTALL = YES;
			};
			name = Release;
		};
		72D0E8CD1C8213C7004A72AA /* Debug */ = {
			isa = XCBuildConfiguration;
			buildSettings = {
				DEFINES_MODULE = YES;
				DYLIB_COMPATIBILITY_VERSION = 1;
				DYLIB_CURRENT_VERSION = 1;
				DYLIB_INSTALL_NAME_BASE = "@rpath";
				INFOPLIST_FILE = "HCYoutubeParser/Info-tvOS.plist";
				INSTALL_PATH = "$(LOCAL_LIBRARY_DIR)/Frameworks";
				LD_RUNPATH_SEARCH_PATHS = "$(inherited) @executable_path/Frameworks @loader_path/Frameworks";
				PRODUCT_BUNDLE_IDENTIFIER = dk.simonbs.HCYoutubeParser;
				PRODUCT_NAME = HCYoutubeParser;
				SDKROOT = appletvos;
				SKIP_INSTALL = YES;
				TARGETED_DEVICE_FAMILY = 3;
				TVOS_DEPLOYMENT_TARGET = 9.0;
			};
			name = Debug;
		};
		72D0E8CE1C8213C7004A72AA /* Release */ = {
			isa = XCBuildConfiguration;
			buildSettings = {
				DEFINES_MODULE = YES;
				DYLIB_COMPATIBILITY_VERSION = 1;
				DYLIB_CURRENT_VERSION = 1;
				DYLIB_INSTALL_NAME_BASE = "@rpath";
				INFOPLIST_FILE = "HCYoutubeParser/Info-tvOS.plist";
				INSTALL_PATH = "$(LOCAL_LIBRARY_DIR)/Frameworks";
				LD_RUNPATH_SEARCH_PATHS = "$(inherited) @executable_path/Frameworks @loader_path/Frameworks";
				PRODUCT_BUNDLE_IDENTIFIER = dk.simonbs.HCYoutubeParser;
				PRODUCT_NAME = HCYoutubeParser;
				SDKROOT = appletvos;
				SKIP_INSTALL = YES;
				TARGETED_DEVICE_FAMILY = 3;
				TVOS_DEPLOYMENT_TARGET = 9.0;
			};
			name = Release;
		};
/* End XCBuildConfiguration section */

/* Begin XCConfigurationList section */
		72D0E8931C821326004A72AA /* Build configuration list for PBXProject "HCYoutubeParser" */ = {
			isa = XCConfigurationList;
			buildConfigurations = (
				72D0E89F1C821326004A72AA /* Debug */,
				72D0E8A01C821326004A72AA /* Release */,
			);
			defaultConfigurationIsVisible = 0;
			defaultConfigurationName = Release;
		};
		72D0E8A11C821326004A72AA /* Build configuration list for PBXNativeTarget "HCYoutubeParser" */ = {
			isa = XCConfigurationList;
			buildConfigurations = (
				72D0E8A21C821326004A72AA /* Debug */,
				72D0E8A31C821326004A72AA /* Release */,
			);
			defaultConfigurationIsVisible = 0;
			defaultConfigurationName = Release;
		};
		72D0E8CC1C8213C7004A72AA /* Build configuration list for PBXNativeTarget "HCYoutubeParser tvOS" */ = {
			isa = XCConfigurationList;
			buildConfigurations = (
				72D0E8CD1C8213C7004A72AA /* Debug */,
				72D0E8CE1C8213C7004A72AA /* Release */,
			);
			defaultConfigurationIsVisible = 0;
			defaultConfigurationName = Release;
		};
/* End XCConfigurationList section */
	};
	rootObject = 72D0E8901C821326004A72AA /* Project object */;
}
